{
  "nodes": {
    "devshell": {
      "inputs": {
        "nixpkgs": "nixpkgs"
      },
      "locked": {
        "lastModified": 1741473158,
        "narHash": "sha256-kWNaq6wQUbUMlPgw8Y+9/9wP0F8SHkjy24/mN3UAppg=",
        "owner": "numtide",
        "repo": "devshell",
        "rev": "7c9e793ebe66bcba8292989a68c0419b737a22a0",
        "type": "github"
      },
      "original": {
        "owner": "numtide",
        "repo": "devshell",
        "type": "github"
      }
    },
    "flake-aspects": {
      "locked": {
        "lastModified": 1760735761,
        "narHash": "sha256-UsqYUaLAQvpC8+9ylFcnCaAw4e+sx7qgPQvt9wLHRyE=",
        "owner": "vic",
        "repo": "flake-aspects",
        "rev": "89dfd9491ed9253625d713e226b49b1acf781155",
        "type": "github"
      },
      "original": {
        "owner": "vic",
        "repo": "flake-aspects",
        "type": "github"
      }
    },
    "flake-file": {
      "locked": {
        "path": "..",
        "type": "path"
      },
      "original": {
        "path": "..",
        "type": "path"
      },
      "parent": []
    },
    "flake-parts": {
      "inputs": {
        "nixpkgs-lib": "nixpkgs-lib"
      },
      "locked": {
        "lastModified": 1760948891,
        "narHash": "sha256-TmWcdiUUaWk8J4lpjzu4gCGxWY6/Ok7mOK4fIFfBuU4=",
        "owner": "hercules-ci",
        "repo": "flake-parts",
        "rev": "864599284fc7c0ba6357ed89ed5e2cd5040f0c04",
        "type": "github"
      },
      "original": {
        "owner": "hercules-ci",
        "repo": "flake-parts",
        "type": "github"
      }
    },
    "import-tree": {
      "locked": {
        "lastModified": 1752730890,
        "narHash": "sha256-GES8fapSLGz36MMPRVNkSUWXUTtqvGQNXHjRmRLfJUY=",
        "owner": "vic",
        "repo": "import-tree",
        "rev": "6ebb8cb87987b20264c09296166543fd3761d274",
        "type": "github"
      },
      "original": {
        "owner": "vic",
        "repo": "import-tree",
        "type": "github"
      }
    },
    "nix-auto-follow": {
      "inputs": {
        "nixpkgs": "nixpkgs_2"
      },
      "locked": {
        "lastModified": 1754073254,
        "narHash": "sha256-CQp/v2HQ7AtGJQqFGRZLHt4MZAK3NF94I6GDaRyhbsc=",
        "owner": "fzakaria",
        "repo": "nix-auto-follow",
        "rev": "5baa00b79d4cc46523da0b8b3532c5163d151be4",
        "type": "github"
      },
      "original": {
        "owner": "fzakaria",
        "repo": "nix-auto-follow",
        "type": "github"
      }
    },
    "nix-unit": {
      "inputs": {
        "flake-parts": [
          "flake-parts"
        ],
        "nixpkgs": [
          "nixpkgs"
        ],
        "treefmt-nix": [
          "treefmt-nix"
        ]
      },
      "locked": {
        "lastModified": 1757781724,
        "narHash": "sha256-DP5SCFx0AsbPnT7KzEl3gQNWPF70Tlcc+jtLkqupabI=",
        "owner": "nix-community",
        "repo": "nix-unit",
        "rev": "7a952131cbef9cb21953ae70ad09249541848f07",
        "type": "github"
      },
      "original": {
        "owner": "nix-community",
        "repo": "nix-unit",
        "type": "github"
      }
    },
    "nixpkgs": {
      "locked": {
        "lastModified": 1760934318,
        "narHash": "sha256-/oUYsC0lUCBory65VK+UHqCCsCspbL1Vgfcf1KUYqVw=",
        "owner": "nixos",
        "repo": "nixpkgs",
        "rev": "87848bf0cc4f87717fc813a4575f07330c3e743c",
        "type": "github"
      },
      "original": {
        "owner": "nixos",
        "ref": "nixpkgs-unstable",
        "repo": "nixpkgs",
        "type": "github"
      }
    },
    "nixpkgs-lib": {
      "locked": {
        "lastModified": 1754788789,
        "narHash": "sha256-x2rJ+Ovzq0sCMpgfgGaaqgBSwY+LST+WbZ6TytnT9Rk=",
        "owner": "nix-community",
        "repo": "nixpkgs.lib",
        "rev": "a73b9c743612e4244d865a2fdee11865283c04e6",
        "type": "github"
      },
      "original": {
        "owner": "nix-community",
        "repo": "nixpkgs.lib",
        "type": "github"
      }
    },
    "nixpkgs_2": {
      "locked": {
        "lastModified": 1760934318,
        "narHash": "sha256-/oUYsC0lUCBory65VK+UHqCCsCspbL1Vgfcf1KUYqVw=",
        "owner": "nixos",
        "repo": "nixpkgs",
        "rev": "87848bf0cc4f87717fc813a4575f07330c3e743c",
        "type": "github"
      },
      "original": {
        "owner": "nixos",
        "ref": "nixpkgs-unstable",
        "repo": "nixpkgs",
        "type": "github"
      }
    },
    "nixpkgs_3": {
      "locked": {
        "lastModified": 1760934318,
        "narHash": "sha256-/oUYsC0lUCBory65VK+UHqCCsCspbL1Vgfcf1KUYqVw=",
        "owner": "nixos",
        "repo": "nixpkgs",
        "rev": "87848bf0cc4f87717fc813a4575f07330c3e743c",
        "type": "github"
      },
      "original": {
        "owner": "nixos",
        "ref": "nixpkgs-unstable",
        "repo": "nixpkgs",
        "type": "github"
      }
    },
    "nixpkgs_4": {
      "locked": {
        "lastModified": 1760934318,
        "narHash": "sha256-/oUYsC0lUCBory65VK+UHqCCsCspbL1Vgfcf1KUYqVw=",
        "owner": "nixos",
        "repo": "nixpkgs",
        "rev": "87848bf0cc4f87717fc813a4575f07330c3e743c",
        "type": "github"
      },
      "original": {
        "owner": "nixos",
        "ref": "nixpkgs-unstable",
        "repo": "nixpkgs",
        "type": "github"
      }
    },
    "root": {
      "inputs": {
        "devshell": "devshell",
        "flake-aspects": "flake-aspects",
        "flake-file": "flake-file",
        "flake-parts": "flake-parts",
        "import-tree": "import-tree",
        "nix-auto-follow": "nix-auto-follow",
        "nix-unit": "nix-unit",
        "nixpkgs": "nixpkgs_3",
        "nixpkgs-lib": [
          "nixpkgs"
        ],
        "systems": "systems",
        "treefmt-nix": "treefmt-nix"
      }
    },
    "systems": {
      "locked": {
        "lastModified": 1681028828,
        "narHash": "sha256-Vy1rq5AaRuLzOxct8nz4T6wlgyUR7zLU309k9mBC768=",
        "owner": "nix-systems",
        "repo": "default",
        "rev": "da67096a3b9bf56a91d16901293e51ba5b49a27e",
        "type": "github"
      },
      "original": {
        "owner": "nix-systems",
        "repo": "default",
        "type": "github"
      }
    },
    "treefmt-nix": {
      "inputs": {
        "nixpkgs": "nixpkgs_4"
      },
      "locked": {
        "lastModified": 1760945191,
        "narHash": "sha256-ZRVs8UqikBa4Ki3X4KCnMBtBW0ux1DaT35tgsnB1jM4=",
        "owner": "numtide",
        "repo": "treefmt-nix",
        "rev": "f56b1934f5f8fcab8deb5d38d42fd692632b47c2",
        "type": "github"
      },
      "original": {
        "owner": "numtide",
        "repo": "treefmt-nix",
        "type": "github"
      }
    }
  },
  "root": "root",
  "version": 7
}
